// !$*UTF8*$!
{
	archiveVersion = 1;
	classes = {
	};
	objectVersion = 55;
	objects = {

/* Begin PBXBuildFile section */
		50380C0E29875FBD00B90079 /* AccordionTable in Frameworks */ = {isa = PBXBuildFile; productRef = 50380C0D29875FBD00B90079 /* AccordionTable */; };
		5079056E279C05D80014FF35 /* CompanyCell.swift in Sources */ = {isa = PBXBuildFile; fileRef = 5079056D279C05D80014FF35 /* CompanyCell.swift */; };
		50981DB327AA4E8C009D906C /* ListViewController.swift in Sources */ = {isa = PBXBuildFile; fileRef = 50981DB227AA4E8C009D906C /* ListViewController.swift */; };
		50981DB527AA5435009D906C /* Model.swift in Sources */ = {isa = PBXBuildFile; fileRef = 50981DB427AA5435009D906C /* Model.swift */; };
		50D987042792D988001FF7DF /* AppDelegate.swift in Sources */ = {isa = PBXBuildFile; fileRef = 50D987032792D988001FF7DF /* AppDelegate.swift */; };
		50D9870D2792D989001FF7DF /* Assets.xcassets in Resources */ = {isa = PBXBuildFile; fileRef = 50D9870C2792D989001FF7DF /* Assets.xcassets */; };
		50D987102792D989001FF7DF /* LaunchScreen.storyboard in Resources */ = {isa = PBXBuildFile; fileRef = 50D9870E2792D989001FF7DF /* LaunchScreen.storyboard */; };
		50D987252792D9E6001FF7DF /* CompanyTableMinion.swift in Sources */ = {isa = PBXBuildFile; fileRef = 50D987172792D9E6001FF7DF /* CompanyTableMinion.swift */; };
		50D987262792D9E6001FF7DF /* DataLoader.swift in Sources */ = {isa = PBXBuildFile; fileRef = 50D987182792D9E6001FF7DF /* DataLoader.swift */; };
		50D987282792D9E6001FF7DF /* HeaderHackTableView.swift in Sources */ = {isa = PBXBuildFile; fileRef = 50D9871A2792D9E6001FF7DF /* HeaderHackTableView.swift */; };
		50D9872A2792D9E6001FF7DF /* CompaniesTableView.swift in Sources */ = {isa = PBXBuildFile; fileRef = 50D9871C2792D9E6001FF7DF /* CompaniesTableView.swift */; };
		50D9872B2792D9E6001FF7DF /* ArrowHeaderView.xib in Resources */ = {isa = PBXBuildFile; fileRef = 50D9871E2792D9E6001FF7DF /* ArrowHeaderView.xib */; };
		50D9872C2792D9E6001FF7DF /* ArrowHeaderView.swift in Sources */ = {isa = PBXBuildFile; fileRef = 50D9871F2792D9E6001FF7DF /* ArrowHeaderView.swift */; };
		50D9872D2792D9E6001FF7DF /* DestinationViewController.swift in Sources */ = {isa = PBXBuildFile; fileRef = 50D987202792D9E6001FF7DF /* DestinationViewController.swift */; };
		50D9872F2792D9E6001FF7DF /* staff.json in Resources */ = {isa = PBXBuildFile; fileRef = 50D987232792D9E6001FF7DF /* staff.json */; };
		50D987302792D9E6001FF7DF /* JSON-README.md in Resources */ = {isa = PBXBuildFile; fileRef = 50D987242792D9E6001FF7DF /* JSON-README.md */; };
		50D987382792DA60001FF7DF /* AccordionTableMinion.swift in Sources */ = {isa = PBXBuildFile; fileRef = 50D987362792DA60001FF7DF /* AccordionTableMinion.swift */; };
/* End PBXBuildFile section */

/* Begin PBXFileReference section */
		5078199927AE8FC8001AC9F8 /* AccordionTable.xcframework */ = {isa = PBXFileReference; lastKnownFileType = wrapper.xcframework; name = AccordionTable.xcframework; path = Carthage/Build/AccordionTable.xcframework; sourceTree = "<group>"; };
		5079056D279C05D80014FF35 /* CompanyCell.swift */ = {isa = PBXFileReference; lastKnownFileType = sourcecode.swift; path = CompanyCell.swift; sourceTree = "<group>"; };
		507B0D95279C767A00276F66 /* AccordionTable.framework */ = {isa = PBXFileReference; explicitFileType = wrapper.framework; path = AccordionTable.framework; sourceTree = BUILT_PRODUCTS_DIR; };
		50981DB227AA4E8C009D906C /* ListViewController.swift */ = {isa = PBXFileReference; lastKnownFileType = sourcecode.swift; path = ListViewController.swift; sourceTree = "<group>"; };
		50981DB427AA5435009D906C /* Model.swift */ = {isa = PBXFileReference; lastKnownFileType = sourcecode.swift; path = Model.swift; sourceTree = "<group>"; };
		50D987002792D988001FF7DF /* MeltingList.app */ = {isa = PBXFileReference; explicitFileType = wrapper.application; includeInIndex = 0; path = MeltingList.app; sourceTree = BUILT_PRODUCTS_DIR; };
		50D987032792D988001FF7DF /* AppDelegate.swift */ = {isa = PBXFileReference; lastKnownFileType = sourcecode.swift; path = AppDelegate.swift; sourceTree = "<group>"; };
		50D9870C2792D989001FF7DF /* Assets.xcassets */ = {isa = PBXFileReference; lastKnownFileType = folder.assetcatalog; path = Assets.xcassets; sourceTree = "<group>"; };
		50D9870F2792D989001FF7DF /* Base */ = {isa = PBXFileReference; lastKnownFileType = file.storyboard; name = Base; path = Base.lproj/LaunchScreen.storyboard; sourceTree = "<group>"; };
		50D987112792D989001FF7DF /* Info.plist */ = {isa = PBXFileReference; lastKnownFileType = text.plist.xml; path = Info.plist; sourceTree = "<group>"; };
		50D987172792D9E6001FF7DF /* CompanyTableMinion.swift */ = {isa = PBXFileReference; fileEncoding = 4; lastKnownFileType = sourcecode.swift; path = CompanyTableMinion.swift; sourceTree = "<group>"; };
		50D987182792D9E6001FF7DF /* DataLoader.swift */ = {isa = PBXFileReference; fileEncoding = 4; lastKnownFileType = sourcecode.swift; path = DataLoader.swift; sourceTree = "<group>"; };
		50D9871A2792D9E6001FF7DF /* HeaderHackTableView.swift */ = {isa = PBXFileReference; fileEncoding = 4; lastKnownFileType = sourcecode.swift; path = HeaderHackTableView.swift; sourceTree = "<group>"; };
		50D9871C2792D9E6001FF7DF /* CompaniesTableView.swift */ = {isa = PBXFileReference; fileEncoding = 4; lastKnownFileType = sourcecode.swift; path = CompaniesTableView.swift; sourceTree = "<group>"; };
		50D9871E2792D9E6001FF7DF /* ArrowHeaderView.xib */ = {isa = PBXFileReference; fileEncoding = 4; lastKnownFileType = file.xib; path = ArrowHeaderView.xib; sourceTree = "<group>"; };
		50D9871F2792D9E6001FF7DF /* ArrowHeaderView.swift */ = {isa = PBXFileReference; fileEncoding = 4; lastKnownFileType = sourcecode.swift; path = ArrowHeaderView.swift; sourceTree = "<group>"; };
		50D987202792D9E6001FF7DF /* DestinationViewController.swift */ = {isa = PBXFileReference; fileEncoding = 4; lastKnownFileType = sourcecode.swift; path = DestinationViewController.swift; sourceTree = "<group>"; };
		50D987232792D9E6001FF7DF /* staff.json */ = {isa = PBXFileReference; fileEncoding = 4; lastKnownFileType = text.json; path = staff.json; sourceTree = "<group>"; };
		50D987242792D9E6001FF7DF /* JSON-README.md */ = {isa = PBXFileReference; fileEncoding = 4; lastKnownFileType = net.daringfireball.markdown; path = "JSON-README.md"; sourceTree = "<group>"; };
		50D987362792DA60001FF7DF /* AccordionTableMinion.swift */ = {isa = PBXFileReference; fileEncoding = 4; lastKnownFileType = sourcecode.swift; path = AccordionTableMinion.swift; sourceTree = "<group>"; };
/* End PBXFileReference section */

/* Begin PBXFrameworksBuildPhase section */
		50D986FD2792D988001FF7DF /* Frameworks */ = {
			isa = PBXFrameworksBuildPhase;
			buildActionMask = 2147483647;
			files = (
				50380C0E29875FBD00B90079 /* AccordionTable in Frameworks */,
			);
			runOnlyForDeploymentPostprocessing = 0;
		};
/* End PBXFrameworksBuildPhase section */

/* Begin PBXGroup section */
		50D986F72792D988001FF7DF = {
			isa = PBXGroup;
			children = (
				50D987022792D988001FF7DF /* MeltingList */,
				50D987012792D988001FF7DF /* Products */,
				50D987322792DA33001FF7DF /* Frameworks */,
			);
			sourceTree = "<group>";
		};
		50D987012792D988001FF7DF /* Products */ = {
			isa = PBXGroup;
			children = (
				50D987002792D988001FF7DF /* MeltingList.app */,
			);
			name = Products;
			sourceTree = "<group>";
		};
		50D987022792D988001FF7DF /* MeltingList */ = {
			isa = PBXGroup;
			children = (
				50D987032792D988001FF7DF /* AppDelegate.swift */,
				50D987222792D9E6001FF7DF /* JSON */,
				50981DB427AA5435009D906C /* Model.swift */,
				50D9871A2792D9E6001FF7DF /* HeaderHackTableView.swift */,
				50D9871C2792D9E6001FF7DF /* CompaniesTableView.swift */,
				5079056D279C05D80014FF35 /* CompanyCell.swift */,
				50D987182792D9E6001FF7DF /* DataLoader.swift */,
				50981DB227AA4E8C009D906C /* ListViewController.swift */,
				50D987202792D9E6001FF7DF /* DestinationViewController.swift */,
				50D987362792DA60001FF7DF /* AccordionTableMinion.swift */,
				50D987172792D9E6001FF7DF /* CompanyTableMinion.swift */,
				50D9871D2792D9E6001FF7DF /* ArrowHeaderView */,
				50D9870C2792D989001FF7DF /* Assets.xcassets */,
				50D9870E2792D989001FF7DF /* LaunchScreen.storyboard */,
				50D987112792D989001FF7DF /* Info.plist */,
			);
			path = MeltingList;
			sourceTree = "<group>";
		};
		50D9871D2792D9E6001FF7DF /* ArrowHeaderView */ = {
			isa = PBXGroup;
			children = (
				50D9871F2792D9E6001FF7DF /* ArrowHeaderView.swift */,
				50D9871E2792D9E6001FF7DF /* ArrowHeaderView.xib */,
			);
			path = ArrowHeaderView;
			sourceTree = "<group>";
		};
		50D987222792D9E6001FF7DF /* JSON */ = {
			isa = PBXGroup;
			children = (
				50D987232792D9E6001FF7DF /* staff.json */,
				50D987242792D9E6001FF7DF /* JSON-README.md */,
			);
			path = JSON;
			sourceTree = "<group>";
		};
		50D987322792DA33001FF7DF /* Frameworks */ = {
			isa = PBXGroup;
			children = (
				5078199927AE8FC8001AC9F8 /* AccordionTable.xcframework */,
				507B0D95279C767A00276F66 /* AccordionTable.framework */,
			);
			name = Frameworks;
			sourceTree = "<group>";
		};
/* End PBXGroup section */

/* Begin PBXNativeTarget section */
		50D986FF2792D988001FF7DF /* MeltingList */ = {
			isa = PBXNativeTarget;
			buildConfigurationList = 50D987142792D989001FF7DF /* Build configuration list for PBXNativeTarget "MeltingList" */;
			buildPhases = (
				50D986FC2792D988001FF7DF /* Sources */,
				50D986FD2792D988001FF7DF /* Frameworks */,
				50D986FE2792D988001FF7DF /* Resources */,
			);
			buildRules = (
			);
			dependencies = (
			);
			name = MeltingList;
			packageProductDependencies = (
				50380C0D29875FBD00B90079 /* AccordionTable */,
			);
			productName = MeltingList;
			productReference = 50D987002792D988001FF7DF /* MeltingList.app */;
			productType = "com.apple.product-type.application";
		};
/* End PBXNativeTarget section */

/* Begin PBXProject section */
		50D986F82792D988001FF7DF /* Project object */ = {
			isa = PBXProject;
			attributes = {
				BuildIndependentTargetsInParallel = 1;
				LastSwiftUpdateCheck = 1320;
				LastUpgradeCheck = 1320;
				TargetAttributes = {
					50D986FF2792D988001FF7DF = {
						CreatedOnToolsVersion = 13.2.1;
					};
				};
			};
			buildConfigurationList = 50D986FB2792D988001FF7DF /* Build configuration list for PBXProject "MeltingList" */;
			compatibilityVersion = "Xcode 13.0";
			developmentRegion = en;
			hasScannedForEncodings = 0;
			knownRegions = (
				en,
				Base,
			);
			mainGroup = 50D986F72792D988001FF7DF;
			packageReferences = (
				50380C0C29875FBD00B90079 /* XCRemoteSwiftPackageReference "accordion-table" */,
			);
			productRefGroup = 50D987012792D988001FF7DF /* Products */;
			projectDirPath = "";
			projectRoot = "";
			targets = (
				50D986FF2792D988001FF7DF /* MeltingList */,
			);
		};
/* End PBXProject section */

/* Begin PBXResourcesBuildPhase section */
		50D986FE2792D988001FF7DF /* Resources */ = {
			isa = PBXResourcesBuildPhase;
			buildActionMask = 2147483647;
			files = (
				50D987102792D989001FF7DF /* LaunchScreen.storyboard in Resources */,
				50D9870D2792D989001FF7DF /* Assets.xcassets in Resources */,
				50D9872B2792D9E6001FF7DF /* ArrowHeaderView.xib in Resources */,
				50D987302792D9E6001FF7DF /* JSON-README.md in Resources */,
				50D9872F2792D9E6001FF7DF /* staff.json in Resources */,
			);
			runOnlyForDeploymentPostprocessing = 0;
		};
/* End PBXResourcesBuildPhase section */

/* Begin PBXSourcesBuildPhase section */
		50D986FC2792D988001FF7DF /* Sources */ = {
			isa = PBXSourcesBuildPhase;
			buildActionMask = 2147483647;
			files = (
				50D987262792D9E6001FF7DF /* DataLoader.swift in Sources */,
				50D987252792D9E6001FF7DF /* CompanyTableMinion.swift in Sources */,
				50D9872D2792D9E6001FF7DF /* DestinationViewController.swift in Sources */,
				50D9872C2792D9E6001FF7DF /* ArrowHeaderView.swift in Sources */,
				50D9872A2792D9E6001FF7DF /* CompaniesTableView.swift in Sources */,
				50981DB327AA4E8C009D906C /* ListViewController.swift in Sources */,
				50D987382792DA60001FF7DF /* AccordionTableMinion.swift in Sources */,
				5079056E279C05D80014FF35 /* CompanyCell.swift in Sources */,
				50D987282792D9E6001FF7DF /* HeaderHackTableView.swift in Sources */,
				50981DB527AA5435009D906C /* Model.swift in Sources */,
				50D987042792D988001FF7DF /* AppDelegate.swift in Sources */,
			);
			runOnlyForDeploymentPostprocessing = 0;
		};
/* End PBXSourcesBuildPhase section */

/* Begin PBXVariantGroup section */
		50D9870E2792D989001FF7DF /* LaunchScreen.storyboard */ = {
			isa = PBXVariantGroup;
			children = (
				50D9870F2792D989001FF7DF /* Base */,
			);
			name = LaunchScreen.storyboard;
			sourceTree = "<group>";
		};
/* End PBXVariantGroup section */

/* Begin XCBuildConfiguration section */
		50D987122792D989001FF7DF /* Debug */ = {
			isa = XCBuildConfiguration;
			buildSettings = {
				ALWAYS_SEARCH_USER_PATHS = NO;
				CLANG_ANALYZER_NONNULL = YES;
				CLANG_ANALYZER_NUMBER_OBJECT_CONVERSION = YES_AGGRESSIVE;
				CLANG_CXX_LANGUAGE_STANDARD = "gnu++17";
				CLANG_CXX_LIBRARY = "libc++";
				CLANG_ENABLE_MODULES = YES;
				CLANG_ENABLE_OBJC_ARC = YES;
				CLANG_ENABLE_OBJC_WEAK = YES;
				CLANG_WARN_BLOCK_CAPTURE_AUTORELEASING = YES;
				CLANG_WARN_BOOL_CONVERSION = YES;
				CLANG_WARN_COMMA = YES;
				CLANG_WARN_CONSTANT_CONVERSION = YES;
				CLANG_WARN_DEPRECATED_OBJC_IMPLEMENTATIONS = YES;
				CLANG_WARN_DIRECT_OBJC_ISA_USAGE = YES_ERROR;
				CLANG_WARN_DOCUMENTATION_COMMENTS = YES;
				CLANG_WARN_EMPTY_BODY = YES;
				CLANG_WARN_ENUM_CONVERSION = YES;
				CLANG_WARN_INFINITE_RECURSION = YES;
				CLANG_WARN_INT_CONVERSION = YES;
				CLANG_WARN_NON_LITERAL_NULL_CONVERSION = YES;
				CLANG_WARN_OBJC_IMPLICIT_RETAIN_SELF = YES;
				CLANG_WARN_OBJC_LITERAL_CONVERSION = YES;
				CLANG_WARN_OBJC_ROOT_CLASS = YES_ERROR;
				CLANG_WARN_QUOTED_INCLUDE_IN_FRAMEWORK_HEADER = YES;
				CLANG_WARN_RANGE_LOOP_ANALYSIS = YES;
				CLANG_WARN_STRICT_PROTOTYPES = YES;
				CLANG_WARN_SUSPICIOUS_MOVE = YES;
				CLANG_WARN_UNGUARDED_AVAILABILITY = YES_AGGRESSIVE;
				CLANG_WARN_UNREACHABLE_CODE = YES;
				CLANG_WARN__DUPLICATE_METHOD_MATCH = YES;
				COPY_PHASE_STRIP = NO;
				DEBUG_INFORMATION_FORMAT = dwarf;
				ENABLE_STRICT_OBJC_MSGSEND = YES;
				ENABLE_TESTABILITY = YES;
				GCC_C_LANGUAGE_STANDARD = gnu11;
				GCC_DYNAMIC_NO_PIC = NO;
				GCC_NO_COMMON_BLOCKS = YES;
				GCC_OPTIMIZATION_LEVEL = 0;
				GCC_PREPROCESSOR_DEFINITIONS = (
					"DEBUG=1",
					"$(inherited)",
				);
				GCC_WARN_64_TO_32_BIT_CONVERSION = YES;
				GCC_WARN_ABOUT_RETURN_TYPE = YES_ERROR;
				GCC_WARN_UNDECLARED_SELECTOR = YES;
				GCC_WARN_UNINITIALIZED_AUTOS = YES_AGGRESSIVE;
				GCC_WARN_UNUSED_FUNCTION = YES;
				GCC_WARN_UNUSED_VARIABLE = YES;
				IPHONEOS_DEPLOYMENT_TARGET = 15.2;
				MTL_ENABLE_DEBUG_INFO = INCLUDE_SOURCE;
				MTL_FAST_MATH = YES;
				ONLY_ACTIVE_ARCH = YES;
				SDKROOT = iphoneos;
				SWIFT_ACTIVE_COMPILATION_CONDITIONS = DEBUG;
				SWIFT_OPTIMIZATION_LEVEL = "-Onone";
			};
			name = Debug;
		};
		50D987132792D989001FF7DF /* Release */ = {
			isa = XCBuildConfiguration;
			buildSettings = {
				ALWAYS_SEARCH_USER_PATHS = NO;
				CLANG_ANALYZER_NONNULL = YES;
				CLANG_ANALYZER_NUMBER_OBJECT_CONVERSION = YES_AGGRESSIVE;
				CLANG_CXX_LANGUAGE_STANDARD = "gnu++17";
				CLANG_CXX_LIBRARY = "libc++";
				CLANG_ENABLE_MODULES = YES;
				CLANG_ENABLE_OBJC_ARC = YES;
				CLANG_ENABLE_OBJC_WEAK = YES;
				CLANG_WARN_BLOCK_CAPTURE_AUTORELEASING = YES;
				CLANG_WARN_BOOL_CONVERSION = YES;
				CLANG_WARN_COMMA = YES;
				CLANG_WARN_CONSTANT_CONVERSION = YES;
				CLANG_WARN_DEPRECATED_OBJC_IMPLEMENTATIONS = YES;
				CLANG_WARN_DIRECT_OBJC_ISA_USAGE = YES_ERROR;
				CLANG_WARN_DOCUMENTATION_COMMENTS = YES;
				CLANG_WARN_EMPTY_BODY = YES;
				CLANG_WARN_ENUM_CONVERSION = YES;
				CLANG_WARN_INFINITE_RECURSION = YES;
				CLANG_WARN_INT_CONVERSION = YES;
				CLANG_WARN_NON_LITERAL_NULL_CONVERSION = YES;
				CLANG_WARN_OBJC_IMPLICIT_RETAIN_SELF = YES;
				CLANG_WARN_OBJC_LITERAL_CONVERSION = YES;
				CLANG_WARN_OBJC_ROOT_CLASS = YES_ERROR;
				CLANG_WARN_QUOTED_INCLUDE_IN_FRAMEWORK_HEADER = YES;
				CLANG_WARN_RANGE_LOOP_ANALYSIS = YES;
				CLANG_WARN_STRICT_PROTOTYPES = YES;
				CLANG_WARN_SUSPICIOUS_MOVE = YES;
				CLANG_WARN_UNGUARDED_AVAILABILITY = YES_AGGRESSIVE;
				CLANG_WARN_UNREACHABLE_CODE = YES;
				CLANG_WARN__DUPLICATE_METHOD_MATCH = YES;
				COPY_PHASE_STRIP = NO;
				DEBUG_INFORMATION_FORMAT = "dwarf-with-dsym";
				ENABLE_NS_ASSERTIONS = NO;
				ENABLE_STRICT_OBJC_MSGSEND = YES;
				GCC_C_LANGUAGE_STANDARD = gnu11;
				GCC_NO_COMMON_BLOCKS = YES;
				GCC_WARN_64_TO_32_BIT_CONVERSION = YES;
				GCC_WARN_ABOUT_RETURN_TYPE = YES_ERROR;
				GCC_WARN_UNDECLARED_SELECTOR = YES;
				GCC_WARN_UNINITIALIZED_AUTOS = YES_AGGRESSIVE;
				GCC_WARN_UNUSED_FUNCTION = YES;
				GCC_WARN_UNUSED_VARIABLE = YES;
				IPHONEOS_DEPLOYMENT_TARGET = 15.2;
				MTL_ENABLE_DEBUG_INFO = NO;
				MTL_FAST_MATH = YES;
				SDKROOT = iphoneos;
				SWIFT_COMPILATION_MODE = wholemodule;
				SWIFT_OPTIMIZATION_LEVEL = "-O";
				VALIDATE_PRODUCT = YES;
			};
			name = Release;
		};
		50D987152792D989001FF7DF /* Debug */ = {
			isa = XCBuildConfiguration;
			buildSettings = {
				ASSETCATALOG_COMPILER_APPICON_NAME = AppIcon;
				ASSETCATALOG_COMPILER_GLOBAL_ACCENT_COLOR_NAME = AccentColor;
				CODE_SIGN_STYLE = Automatic;
				CURRENT_PROJECT_VERSION = 1;
				DEVELOPMENT_TEAM = 7SBB7KN6C6;
				EXCLUDED_ARCHS = "";
				GENERATE_INFOPLIST_FILE = YES;
				INFOPLIST_FILE = MeltingList/Info.plist;
				INFOPLIST_KEY_UIApplicationSupportsIndirectInputEvents = YES;
				INFOPLIST_KEY_UILaunchStoryboardName = LaunchScreen;
				INFOPLIST_KEY_UISupportedInterfaceOrientations_iPad = "UIInterfaceOrientationPortrait UIInterfaceOrientationPortraitUpsideDown UIInterfaceOrientationLandscapeLeft UIInterfaceOrientationLandscapeRight";
				INFOPLIST_KEY_UISupportedInterfaceOrientations_iPhone = "UIInterfaceOrientationPortrait UIInterfaceOrientationLandscapeLeft UIInterfaceOrientationLandscapeRight";
				LD_RUNPATH_SEARCH_PATHS = (
					"$(inherited)",
					"@executable_path/Frameworks",
				);
				MARKETING_VERSION = 1.0;
				PRODUCT_BUNDLE_IDENTIFIER = com.robertnash.MeltingList;
				PRODUCT_NAME = "$(TARGET_NAME)";
				SWIFT_EMIT_LOC_STRINGS = YES;
				SWIFT_VERSION = 5.0;
				TARGETED_DEVICE_FAMILY = "1,2";
			};
			name = Debug;
		};
		50D987162792D989001FF7DF /* Release */ = {
			isa = XCBuildConfiguration;
			buildSettings = {
				ASSETCATALOG_COMPILER_APPICON_NAME = AppIcon;
				ASSETCATALOG_COMPILER_GLOBAL_ACCENT_COLOR_NAME = AccentColor;
				CODE_SIGN_STYLE = Automatic;
				CURRENT_PROJECT_VERSION = 1;
				DEVELOPMENT_TEAM = 7SBB7KN6C6;
				EXCLUDED_ARCHS = "";
				GENERATE_INFOPLIST_FILE = YES;
				INFOPLIST_FILE = MeltingList/Info.plist;
				INFOPLIST_KEY_UIApplicationSupportsIndirectInputEvents = YES;
				INFOPLIST_KEY_UILaunchStoryboardName = LaunchScreen;
				INFOPLIST_KEY_UISupportedInterfaceOrientations_iPad = "UIInterfaceOrientationPortrait UIInterfaceOrientationPortraitUpsideDown UIInterfaceOrientationLandscapeLeft UIInterfaceOrientationLandscapeRight";
				INFOPLIST_KEY_UISupportedInterfaceOrientations_iPhone = "UIInterfaceOrientationPortrait UIInterfaceOrientationLandscapeLeft UIInterfaceOrientationLandscapeRight";
				LD_RUNPATH_SEARCH_PATHS = (
					"$(inherited)",
					"@executable_path/Frameworks",
				);
				MARKETING_VERSION = 1.0;
				PRODUCT_BUNDLE_IDENTIFIER = com.robertnash.MeltingList;
				PRODUCT_NAME = "$(TARGET_NAME)";
				SWIFT_EMIT_LOC_STRINGS = YES;
				SWIFT_VERSION = 5.0;
				TARGETED_DEVICE_FAMILY = "1,2";
			};
			name = Release;
		};
/* End XCBuildConfiguration section */

/* Begin XCConfigurationList section */
		50D986FB2792D988001FF7DF /* Build configuration list for PBXProject "MeltingList" */ = {
			isa = XCConfigurationList;
			buildConfigurations = (
				50D987122792D989001FF7DF /* Debug */,
				50D987132792D989001FF7DF /* Release */,
			);
			defaultConfigurationIsVisible = 0;
			defaultConfigurationName = Release;
		};
		50D987142792D989001FF7DF /* Build configuration list for PBXNativeTarget "MeltingList" */ = {
			isa = XCConfigurationList;
			buildConfigurations = (
				50D987152792D989001FF7DF /* Debug */,
				50D987162792D989001FF7DF /* Release */,
			);
			defaultConfigurationIsVisible = 0;
			defaultConfigurationName = Release;
		};
/* End XCConfigurationList section */

/* Begin XCRemoteSwiftPackageReference section */
		50380C0C29875FBD00B90079 /* XCRemoteSwiftPackageReference "accordion-table" */ = {
			isa = XCRemoteSwiftPackageReference;
			repositoryURL = "https://github.com/nashysolutions/accordion-table.git";
			requirement = {
				kind = exactVersion;
				version = 1.0.0;
			};
		};
/* End XCRemoteSwiftPackageReference section */

/* Begin XCSwiftPackageProductDependency section */
		50380C0D29875FBD00B90079 /* AccordionTable */ = {
			isa = XCSwiftPackageProductDependency;
			package = 50380C0C29875FBD00B90079 /* XCRemoteSwiftPackageReference "accordion-table" */;
			productName = AccordionTable;
		};
/* End XCSwiftPackageProductDependency section */
	};
	rootObject = 50D986F82792D988001FF7DF /* Project object */;
}
